
Microsoft Visual Studio Solution File, Format Version 12.00
# Visual Studio Version 17
VisualStudioVersion = 17.8.34309.116
MinimumVisualStudioVersion = 10.0.40219.1
Project("{9A19103F-16F7-4668-BE54-9A1E7A4F7556}") = "LeetCodeChallenges", "LeetCodeChallenges\LeetCodeChallenges.csproj", "{82CC43D5-8180-4014-8CB7-224AB4D21483}"
EndProject
Project("{9A19103F-16F7-4668-BE54-9A1E7A4F7556}") = "GreedyAlgorithmProblems", "GreedyAlgorithmProblems\GreedyAlgorithmProblems.csproj", "{8BA70605-6158-4F32-BD45-D0BEF7D64E5C}"
EndProject
Project("{9A19103F-16F7-4668-BE54-9A1E7A4F7556}") = "DynamicProgramming", "DynamicProgrammin\DynamicProgramming.csproj", "{12ABE944-32A3-4786-9B6B-909630773FDC}"
EndProject
Project("{9A19103F-16F7-4668-BE54-9A1E7A4F7556}") = "SlidingWindow", "SlidingWindow\SlidingWindow.csproj", "{A1EA9384-921F-4E9E-8907-3E753731B9FE}"
EndProject
Project("{FAE04EC0-301F-11D3-BF4B-00C04F79EFBC}") = "BackTracking and Recursion", "BackTracking and Recursion\BackTracking and Recursion.csproj", "{57CA74EB-F0E7-49AA-A5B3-7D2040251952}"
EndProject
Global
	GlobalSection(SolutionConfigurationPlatforms) = preSolution
		Debug|Any CPU = Debug|Any CPU
		Release|Any CPU = Release|Any CPU
	EndGlobalSection
	GlobalSection(ProjectConfigurationPlatforms) = postSolution
		{82CC43D5-8180-4014-8CB7-224AB4D21483}.Debug|Any CPU.ActiveCfg = Debug|Any CPU
		{82CC43D5-8180-4014-8CB7-224AB4D21483}.Debug|Any CPU.Build.0 = Debug|Any CPU
		{82CC43D5-8180-4014-8CB7-224AB4D21483}.Release|Any CPU.ActiveCfg = Release|Any CPU
		{82CC43D5-8180-4014-8CB7-224AB4D21483}.Release|Any CPU.Build.0 = Release|Any CPU
		{8BA70605-6158-4F32-BD45-D0BEF7D64E5C}.Debug|Any CPU.ActiveCfg = Debug|Any CPU
		{8BA70605-6158-4F32-BD45-D0BEF7D64E5C}.Debug|Any CPU.Build.0 = Debug|Any CPU
		{8BA70605-6158-4F32-BD45-D0BEF7D64E5C}.Release|Any CPU.ActiveCfg = Release|Any CPU
		{8BA70605-6158-4F32-BD45-D0BEF7D64E5C}.Release|Any CPU.Build.0 = Release|Any CPU
		{12ABE944-32A3-4786-9B6B-909630773FDC}.Debug|Any CPU.ActiveCfg = Debug|Any CPU
		{12ABE944-32A3-4786-9B6B-909630773FDC}.Debug|Any CPU.Build.0 = Debug|Any CPU
		{12ABE944-32A3-4786-9B6B-909630773FDC}.Release|Any CPU.ActiveCfg = Release|Any CPU
		{12ABE944-32A3-4786-9B6B-909630773FDC}.Release|Any CPU.Build.0 = Release|Any CPU
		{A1EA9384-921F-4E9E-8907-3E753731B9FE}.Debug|Any CPU.ActiveCfg = Debug|Any CPU
		{A1EA9384-921F-4E9E-8907-3E753731B9FE}.Debug|Any CPU.Build.0 = Debug|Any CPU
		{A1EA9384-921F-4E9E-8907-3E753731B9FE}.Release|Any CPU.ActiveCfg = Release|Any CPU
		{A1EA9384-921F-4E9E-8907-3E753731B9FE}.Release|Any CPU.Build.0 = Release|Any CPU
		{57CA74EB-F0E7-49AA-A5B3-7D2040251952}.Debug|Any CPU.ActiveCfg = Debug|Any CPU
		{57CA74EB-F0E7-49AA-A5B3-7D2040251952}.Debug|Any CPU.Build.0 = Debug|Any CPU
		{57CA74EB-F0E7-49AA-A5B3-7D2040251952}.Release|Any CPU.ActiveCfg = Release|Any CPU
		{57CA74EB-F0E7-49AA-A5B3-7D2040251952}.Release|Any CPU.Build.0 = Release|Any CPU
	EndGlobalSection
	GlobalSection(SolutionProperties) = preSolution
		HideSolutionNode = FALSE
	EndGlobalSection
	GlobalSection(ExtensibilityGlobals) = postSolution
		SolutionGuid = {08560C1C-0842-4A88-B7CD-F26A85907B09}
	EndGlobalSection
EndGlobal
